
Microsoft Visual Studio Solution File, Format Version 12.00
# Visual Studio 15
VisualStudioVersion = 15.0.27130.2024
MinimumVisualStudioVersion = 10.0.40219.1
Project("{FAE04EC0-301F-11D3-BF4B-00C04F79EFBC}") = "AzureAppService", "AzureAppService\AzureAppService.csproj", "{816483FA-F1C5-410B-AC84-E21E4B93C84D}"
EndProject
Global
	GlobalSection(SolutionConfigurationPlatforms) = preSolution
		Debug|Any CPU = Debug|Any CPU
		Release|Any CPU = Release|Any CPU
	EndGlobalSection
	GlobalSection(ProjectConfigurationPlatforms) = postSolution
		{816483FA-F1C5-410B-AC84-E21E4B93C84D}.Debug|Any CPU.ActiveCfg = Debug|Any CPU
		{816483FA-F1C5-410B-AC84-E21E4B93C84D}.Debug|Any CPU.Build.0 = Debug|Any CPU
		{816483FA-F1C5-410B-AC84-E21E4B93C84D}.Release|Any CPU.ActiveCfg = Release|Any CPU
		{816483FA-F1C5-410B-AC84-E21E4B93C84D}.Release|Any CPU.Build.0 = Release|Any CPU
	EndGlobalSection
	GlobalSection(SolutionProperties) = preSolution
		HideSolutionNode = FALSE
	EndGlobalSection
	GlobalSection(ExtensibilityGlobals) = postSolution
		SolutionGuid = {16C8BC43-6AB2-499E-8EDA-86B473FBAE8E}
	EndGlobalSection
EndGlobal
